Microsoft Visual Studio Solution File, Format Version 12.00
# Visual Studio Version 17
VisualStudioVersion = 17.1.32421.90
MinimumVisualStudioVersion = 10.0.40219.1
Project("{9A19103F-16F7-4668-BE54-9A1E7A4F7556}") = "MCL", "MCL\MCL.csproj", "{F54E006C-AA33-48F2-9E2F-46CFB5D7EE47}"
EndProject
Project("{2150E333-8FDC-42A3-9474-1A3956D46DE8}") = "Libraries", "Libraries", "{C33E528B-87FE-4032-B44C-CB7A3B9D76A2}"
EndProject
Project("{9A19103F-16F7-4668-BE54-9A1E7A4F7556}") = "LabBilling Core", "LabBilling Library\LabBilling Core.csproj", "{0890D249-B319-46BE-8B8A-354687C334E8}"
EndProject
Project("{9A19103F-16F7-4668-BE54-9A1E7A4F7556}") = "Lab Billing WinForms UI", "Lab Billing UI\Lab Billing WinForms UI.csproj", "{F8C8C4A8-005A-49DB-A560-9A78141665B5}"
EndProject
Project("{9A19103F-16F7-4668-BE54-9A1E7A4F7556}") = "LabBillingService", "LabBillingService\LabBillingService.csproj", "{A38E5412-1194-42CE-8CA2-CF509EAE7828}"
EndProject
Project("{2150E333-8FDC-42A3-9474-1A3956D46DE8}") = "Solution Items", "Solution Items", "{A2023807-DB07-4D12-BD42-1AAE04DA7D62}"
	ProjectSection(SolutionItems) = preProject
		Lab Patient Accounting SQL Agent Jobs.sql = Lab Patient Accounting SQL Agent Jobs.sql
		LabPatientAccounting DB Build.sql = LabPatientAccounting DB Build.sql
	EndProjectSection
EndProject
Project("{9A19103F-16F7-4668-BE54-9A1E7A4F7556}") = "LabBillingConsole", "LabBillingConsole\LabBillingConsole.csproj", "{710148ED-1BB6-4776-8D8C-737A166A014C}"
EndProject
Project("{9A19103F-16F7-4668-BE54-9A1E7A4F7556}") = "LabBillingJobs", "Lab Billing Jobs\LabBillingJobs.csproj", "{EEE71488-9E0F-46F4-8B35-2ECC84E92513}"
EndProject
Project("{9A19103F-16F7-4668-BE54-9A1E7A4F7556}") = "j4jayant.HL7.Parser", "j4jayant.HL7.Parser\j4jayant.HL7.Parser.csproj", "{687F3113-0395-4DBC-A332-C1A329516651}"
EndProject
Project("{9A19103F-16F7-4668-BE54-9A1E7A4F7556}") = "WinFormsLibrary", "WinFormsLibrary\WinFormsLibrary.csproj", "{9FABCEDD-BF62-4769-A79E-72891CE3EF4A}"
EndProject
Project("{9A19103F-16F7-4668-BE54-9A1E7A4F7556}") = "DataGridViewGrouper", "..\DataGridViewGrouper\DataGridViewGrouper\DataGridViewGrouper.csproj", "{C7C09DF6-BD1F-4487-8FEB-5D124E1A9EFC}"
EndProject
Project("{9A19103F-16F7-4668-BE54-9A1E7A4F7556}") = "LabBilling Winforms Library", "LabBilling Winforms Library\LabBilling Winforms Library.csproj", "{B25BC3DE-0F08-482F-BFC8-4E00A7FCBB02}"
EndProject
Project("{9A19103F-16F7-4668-BE54-9A1E7A4F7556}") = "LabBillingCore.UnitTests", "LabBillingCore.UnitTests\LabBillingCore.UnitTests.csproj", "{CEFF2E7C-2987-420F-87E8-598195991933}"
EndProject
Project("{9A19103F-16F7-4668-BE54-9A1E7A4F7556}") = "Utilities", "Utilities\Utilities.csproj", "{B8CC4460-D627-4E78-9AFE-ED8C28E8A861}"
EndProject
Project("{54435603-DBB4-11D2-8724-00A0C9A8B90C}") = "LabBillingServicesSetup", "LabBillingServicesSetup\LabBillingServicesSetup.vdproj", "{8EF7C4E2-712A-4FB8-BF7B-B5953685E6DC}"
EndProject
Global
	GlobalSection(SolutionConfigurationPlatforms) = preSolution
		Debug|Any CPU = Debug|Any CPU
		Debug|x64 = Debug|x64
		Debug|x86 = Debug|x86
		Release|Any CPU = Release|Any CPU
		Release|x64 = Release|x64
		Release|x86 = Release|x86
	EndGlobalSection
	GlobalSection(ProjectConfigurationPlatforms) = postSolution
		{F54E006C-AA33-48F2-9E2F-46CFB5D7EE47}.Debug|Any CPU.ActiveCfg = Debug|Any CPU
		{F54E006C-AA33-48F2-9E2F-46CFB5D7EE47}.Debug|Any CPU.Build.0 = Debug|Any CPU
		{F54E006C-AA33-48F2-9E2F-46CFB5D7EE47}.Debug|x64.ActiveCfg = Debug|x64
		{F54E006C-AA33-48F2-9E2F-46CFB5D7EE47}.Debug|x64.Build.0 = Debug|x64
		{F54E006C-AA33-48F2-9E2F-46CFB5D7EE47}.Debug|x86.ActiveCfg = Debug|Any CPU
		{F54E006C-AA33-48F2-9E2F-46CFB5D7EE47}.Debug|x86.Build.0 = Debug|Any CPU
		{F54E006C-AA33-48F2-9E2F-46CFB5D7EE47}.Release|Any CPU.ActiveCfg = Release|Any CPU
		{F54E006C-AA33-48F2-9E2F-46CFB5D7EE47}.Release|Any CPU.Build.0 = Release|Any CPU
		{F54E006C-AA33-48F2-9E2F-46CFB5D7EE47}.Release|x64.ActiveCfg = Release|x64
		{F54E006C-AA33-48F2-9E2F-46CFB5D7EE47}.Release|x64.Build.0 = Release|x64
		{F54E006C-AA33-48F2-9E2F-46CFB5D7EE47}.Release|x86.ActiveCfg = Release|Any CPU
		{F54E006C-AA33-48F2-9E2F-46CFB5D7EE47}.Release|x86.Build.0 = Release|Any CPU
		{0890D249-B319-46BE-8B8A-354687C334E8}.Debug|Any CPU.ActiveCfg = Debug|Any CPU
		{0890D249-B319-46BE-8B8A-354687C334E8}.Debug|Any CPU.Build.0 = Debug|Any CPU
		{0890D249-B319-46BE-8B8A-354687C334E8}.Debug|x64.ActiveCfg = Debug|x64
		{0890D249-B319-46BE-8B8A-354687C334E8}.Debug|x64.Build.0 = Debug|x64
		{0890D249-B319-46BE-8B8A-354687C334E8}.Debug|x86.ActiveCfg = Debug|Any CPU
		{0890D249-B319-46BE-8B8A-354687C334E8}.Debug|x86.Build.0 = Debug|Any CPU
		{0890D249-B319-46BE-8B8A-354687C334E8}.Release|Any CPU.ActiveCfg = Release|Any CPU
		{0890D249-B319-46BE-8B8A-354687C334E8}.Release|Any CPU.Build.0 = Release|Any CPU
		{0890D249-B319-46BE-8B8A-354687C334E8}.Release|x64.ActiveCfg = Release|x64
		{0890D249-B319-46BE-8B8A-354687C334E8}.Release|x64.Build.0 = Release|x64
		{0890D249-B319-46BE-8B8A-354687C334E8}.Release|x86.ActiveCfg = Release|Any CPU
		{0890D249-B319-46BE-8B8A-354687C334E8}.Release|x86.Build.0 = Release|Any CPU
		{F8C8C4A8-005A-49DB-A560-9A78141665B5}.Debug|Any CPU.ActiveCfg = Debug|Any CPU
		{F8C8C4A8-005A-49DB-A560-9A78141665B5}.Debug|Any CPU.Build.0 = Debug|Any CPU
		{F8C8C4A8-005A-49DB-A560-9A78141665B5}.Debug|x64.ActiveCfg = Debug|x64
		{F8C8C4A8-005A-49DB-A560-9A78141665B5}.Debug|x64.Build.0 = Debug|x64
		{F8C8C4A8-005A-49DB-A560-9A78141665B5}.Debug|x86.ActiveCfg = Debug|Any CPU
		{F8C8C4A8-005A-49DB-A560-9A78141665B5}.Debug|x86.Build.0 = Debug|Any CPU
		{F8C8C4A8-005A-49DB-A560-9A78141665B5}.Release|Any CPU.ActiveCfg = Release|Any CPU
		{F8C8C4A8-005A-49DB-A560-9A78141665B5}.Release|Any CPU.Build.0 = Release|Any CPU
		{F8C8C4A8-005A-49DB-A560-9A78141665B5}.Release|x64.ActiveCfg = Release|x64
		{F8C8C4A8-005A-49DB-A560-9A78141665B5}.Release|x64.Build.0 = Release|x64
		{F8C8C4A8-005A-49DB-A560-9A78141665B5}.Release|x86.ActiveCfg = Release|Any CPU
		{F8C8C4A8-005A-49DB-A560-9A78141665B5}.Release|x86.Build.0 = Release|Any CPU
		{A38E5412-1194-42CE-8CA2-CF509EAE7828}.Debug|Any CPU.ActiveCfg = Debug|Any CPU
		{A38E5412-1194-42CE-8CA2-CF509EAE7828}.Debug|Any CPU.Build.0 = Debug|Any CPU
		{A38E5412-1194-42CE-8CA2-CF509EAE7828}.Debug|x64.ActiveCfg = Debug|x64
		{A38E5412-1194-42CE-8CA2-CF509EAE7828}.Debug|x64.Build.0 = Debug|x64
		{A38E5412-1194-42CE-8CA2-CF509EAE7828}.Debug|x86.ActiveCfg = Debug|Any CPU
		{A38E5412-1194-42CE-8CA2-CF509EAE7828}.Debug|x86.Build.0 = Debug|Any CPU
		{A38E5412-1194-42CE-8CA2-CF509EAE7828}.Release|Any CPU.ActiveCfg = Release|Any CPU
		{A38E5412-1194-42CE-8CA2-CF509EAE7828}.Release|Any CPU.Build.0 = Release|Any CPU
		{A38E5412-1194-42CE-8CA2-CF509EAE7828}.Release|x64.ActiveCfg = Release|x64
		{A38E5412-1194-42CE-8CA2-CF509EAE7828}.Release|x64.Build.0 = Release|x64
		{A38E5412-1194-42CE-8CA2-CF509EAE7828}.Release|x86.ActiveCfg = Release|Any CPU
		{A38E5412-1194-42CE-8CA2-CF509EAE7828}.Release|x86.Build.0 = Release|Any CPU
		{710148ED-1BB6-4776-8D8C-737A166A014C}.Debug|Any CPU.ActiveCfg = Debug|Any CPU
		{710148ED-1BB6-4776-8D8C-737A166A014C}.Debug|Any CPU.Build.0 = Debug|Any CPU
		{710148ED-1BB6-4776-8D8C-737A166A014C}.Debug|x64.ActiveCfg = Debug|x64
		{710148ED-1BB6-4776-8D8C-737A166A014C}.Debug|x64.Build.0 = Debug|x64
		{710148ED-1BB6-4776-8D8C-737A166A014C}.Debug|x86.ActiveCfg = Debug|Any CPU
		{710148ED-1BB6-4776-8D8C-737A166A014C}.Debug|x86.Build.0 = Debug|Any CPU
		{710148ED-1BB6-4776-8D8C-737A166A014C}.Release|Any CPU.ActiveCfg = Release|Any CPU
		{710148ED-1BB6-4776-8D8C-737A166A014C}.Release|Any CPU.Build.0 = Release|Any CPU
		{710148ED-1BB6-4776-8D8C-737A166A014C}.Release|x64.ActiveCfg = Release|x64
		{710148ED-1BB6-4776-8D8C-737A166A014C}.Release|x64.Build.0 = Release|x64
		{710148ED-1BB6-4776-8D8C-737A166A014C}.Release|x86.ActiveCfg = Release|Any CPU
		{710148ED-1BB6-4776-8D8C-737A166A014C}.Release|x86.Build.0 = Release|Any CPU
		{EEE71488-9E0F-46F4-8B35-2ECC84E92513}.Debug|Any CPU.ActiveCfg = Debug|Any CPU
		{EEE71488-9E0F-46F4-8B35-2ECC84E92513}.Debug|Any CPU.Build.0 = Debug|Any CPU
		{EEE71488-9E0F-46F4-8B35-2ECC84E92513}.Debug|x64.ActiveCfg = Debug|Any CPU
		{EEE71488-9E0F-46F4-8B35-2ECC84E92513}.Debug|x86.ActiveCfg = Debug|Any CPU
		{EEE71488-9E0F-46F4-8B35-2ECC84E92513}.Debug|x86.Build.0 = Debug|Any CPU
		{EEE71488-9E0F-46F4-8B35-2ECC84E92513}.Release|Any CPU.ActiveCfg = Release|Any CPU
		{EEE71488-9E0F-46F4-8B35-2ECC84E92513}.Release|Any CPU.Build.0 = Release|Any CPU
		{EEE71488-9E0F-46F4-8B35-2ECC84E92513}.Release|x64.ActiveCfg = Release|x64
		{EEE71488-9E0F-46F4-8B35-2ECC84E92513}.Release|x64.Build.0 = Release|x64
		{EEE71488-9E0F-46F4-8B35-2ECC84E92513}.Release|x86.ActiveCfg = Release|Any CPU
		{EEE71488-9E0F-46F4-8B35-2ECC84E92513}.Release|x86.Build.0 = Release|Any CPU
		{687F3113-0395-4DBC-A332-C1A329516651}.Debug|Any CPU.ActiveCfg = Debug|Any CPU
		{687F3113-0395-4DBC-A332-C1A329516651}.Debug|Any CPU.Build.0 = Debug|Any CPU
		{687F3113-0395-4DBC-A332-C1A329516651}.Debug|x64.ActiveCfg = Debug|x64
		{687F3113-0395-4DBC-A332-C1A329516651}.Debug|x64.Build.0 = Debug|x64
		{687F3113-0395-4DBC-A332-C1A329516651}.Debug|x86.ActiveCfg = Debug|Any CPU
		{687F3113-0395-4DBC-A332-C1A329516651}.Debug|x86.Build.0 = Debug|Any CPU
		{687F3113-0395-4DBC-A332-C1A329516651}.Release|Any CPU.ActiveCfg = Release|Any CPU
		{687F3113-0395-4DBC-A332-C1A329516651}.Release|Any CPU.Build.0 = Release|Any CPU
		{687F3113-0395-4DBC-A332-C1A329516651}.Release|x64.ActiveCfg = Release|x64
		{687F3113-0395-4DBC-A332-C1A329516651}.Release|x64.Build.0 = Release|x64
		{687F3113-0395-4DBC-A332-C1A329516651}.Release|x86.ActiveCfg = Release|Any CPU
		{687F3113-0395-4DBC-A332-C1A329516651}.Release|x86.Build.0 = Release|Any CPU
		{9FABCEDD-BF62-4769-A79E-72891CE3EF4A}.Debug|Any CPU.ActiveCfg = Debug|Any CPU
		{9FABCEDD-BF62-4769-A79E-72891CE3EF4A}.Debug|Any CPU.Build.0 = Debug|Any CPU
		{9FABCEDD-BF62-4769-A79E-72891CE3EF4A}.Debug|x64.ActiveCfg = Debug|x64
		{9FABCEDD-BF62-4769-A79E-72891CE3EF4A}.Debug|x64.Build.0 = Debug|x64
		{9FABCEDD-BF62-4769-A79E-72891CE3EF4A}.Debug|x86.ActiveCfg = Debug|Any CPU
		{9FABCEDD-BF62-4769-A79E-72891CE3EF4A}.Debug|x86.Build.0 = Debug|Any CPU
		{9FABCEDD-BF62-4769-A79E-72891CE3EF4A}.Release|Any CPU.ActiveCfg = Release|Any CPU
		{9FABCEDD-BF62-4769-A79E-72891CE3EF4A}.Release|Any CPU.Build.0 = Release|Any CPU
		{9FABCEDD-BF62-4769-A79E-72891CE3EF4A}.Release|x64.ActiveCfg = Release|x64
		{9FABCEDD-BF62-4769-A79E-72891CE3EF4A}.Release|x64.Build.0 = Release|x64
		{9FABCEDD-BF62-4769-A79E-72891CE3EF4A}.Release|x86.ActiveCfg = Release|Any CPU
		{9FABCEDD-BF62-4769-A79E-72891CE3EF4A}.Release|x86.Build.0 = Release|Any CPU
		{C7C09DF6-BD1F-4487-8FEB-5D124E1A9EFC}.Debug|Any CPU.ActiveCfg = Debug|Any CPU
		{C7C09DF6-BD1F-4487-8FEB-5D124E1A9EFC}.Debug|Any CPU.Build.0 = Debug|Any CPU
		{C7C09DF6-BD1F-4487-8FEB-5D124E1A9EFC}.Debug|x64.ActiveCfg = Debug|x64
		{C7C09DF6-BD1F-4487-8FEB-5D124E1A9EFC}.Debug|x64.Build.0 = Debug|x64
		{C7C09DF6-BD1F-4487-8FEB-5D124E1A9EFC}.Debug|x86.ActiveCfg = Debug|Any CPU
		{C7C09DF6-BD1F-4487-8FEB-5D124E1A9EFC}.Debug|x86.Build.0 = Debug|Any CPU
		{C7C09DF6-BD1F-4487-8FEB-5D124E1A9EFC}.Release|Any CPU.ActiveCfg = Release|Any CPU
		{C7C09DF6-BD1F-4487-8FEB-5D124E1A9EFC}.Release|Any CPU.Build.0 = Release|Any CPU
		{C7C09DF6-BD1F-4487-8FEB-5D124E1A9EFC}.Release|x64.ActiveCfg = Release|x64
		{C7C09DF6-BD1F-4487-8FEB-5D124E1A9EFC}.Release|x64.Build.0 = Release|x64
		{C7C09DF6-BD1F-4487-8FEB-5D124E1A9EFC}.Release|x86.ActiveCfg = Release|Any CPU
		{C7C09DF6-BD1F-4487-8FEB-5D124E1A9EFC}.Release|x86.Build.0 = Release|Any CPU
		{B25BC3DE-0F08-482F-BFC8-4E00A7FCBB02}.Debug|Any CPU.ActiveCfg = Debug|Any CPU
		{B25BC3DE-0F08-482F-BFC8-4E00A7FCBB02}.Debug|Any CPU.Build.0 = Debug|Any CPU
		{B25BC3DE-0F08-482F-BFC8-4E00A7FCBB02}.Debug|x64.ActiveCfg = Debug|x64
		{B25BC3DE-0F08-482F-BFC8-4E00A7FCBB02}.Debug|x64.Build.0 = Debug|x64
		{B25BC3DE-0F08-482F-BFC8-4E00A7FCBB02}.Debug|x86.ActiveCfg = Debug|Any CPU
		{B25BC3DE-0F08-482F-BFC8-4E00A7FCBB02}.Debug|x86.Build.0 = Debug|Any CPU
		{B25BC3DE-0F08-482F-BFC8-4E00A7FCBB02}.Release|Any CPU.ActiveCfg = Release|Any CPU
		{B25BC3DE-0F08-482F-BFC8-4E00A7FCBB02}.Release|Any CPU.Build.0 = Release|Any CPU
		{B25BC3DE-0F08-482F-BFC8-4E00A7FCBB02}.Release|x64.ActiveCfg = Release|x64
		{B25BC3DE-0F08-482F-BFC8-4E00A7FCBB02}.Release|x64.Build.0 = Release|x64
		{B25BC3DE-0F08-482F-BFC8-4E00A7FCBB02}.Release|x86.ActiveCfg = Release|Any CPU
		{B25BC3DE-0F08-482F-BFC8-4E00A7FCBB02}.Release|x86.Build.0 = Release|Any CPU
		{CEFF2E7C-2987-420F-87E8-598195991933}.Debug|Any CPU.ActiveCfg = Debug|Any CPU
		{CEFF2E7C-2987-420F-87E8-598195991933}.Debug|Any CPU.Build.0 = Debug|Any CPU
		{CEFF2E7C-2987-420F-87E8-598195991933}.Debug|x64.ActiveCfg = Debug|x64
		{CEFF2E7C-2987-420F-87E8-598195991933}.Debug|x64.Build.0 = Debug|x64
		{CEFF2E7C-2987-420F-87E8-598195991933}.Debug|x86.ActiveCfg = Debug|Any CPU
		{CEFF2E7C-2987-420F-87E8-598195991933}.Debug|x86.Build.0 = Debug|Any CPU
		{CEFF2E7C-2987-420F-87E8-598195991933}.Release|Any CPU.ActiveCfg = Release|Any CPU
		{CEFF2E7C-2987-420F-87E8-598195991933}.Release|Any CPU.Build.0 = Release|Any CPU
		{CEFF2E7C-2987-420F-87E8-598195991933}.Release|x64.ActiveCfg = Release|x64
		{CEFF2E7C-2987-420F-87E8-598195991933}.Release|x64.Build.0 = Release|x64
		{CEFF2E7C-2987-420F-87E8-598195991933}.Release|x86.ActiveCfg = Release|Any CPU
		{CEFF2E7C-2987-420F-87E8-598195991933}.Release|x86.Build.0 = Release|Any CPU
		{B8CC4460-D627-4E78-9AFE-ED8C28E8A861}.Debug|Any CPU.ActiveCfg = Debug|Any CPU
		{B8CC4460-D627-4E78-9AFE-ED8C28E8A861}.Debug|Any CPU.Build.0 = Debug|Any CPU
		{B8CC4460-D627-4E78-9AFE-ED8C28E8A861}.Debug|x64.ActiveCfg = Debug|x64
		{B8CC4460-D627-4E78-9AFE-ED8C28E8A861}.Debug|x64.Build.0 = Debug|x64
		{B8CC4460-D627-4E78-9AFE-ED8C28E8A861}.Debug|x86.ActiveCfg = Debug|Any CPU
		{B8CC4460-D627-4E78-9AFE-ED8C28E8A861}.Debug|x86.Build.0 = Debug|Any CPU
		{B8CC4460-D627-4E78-9AFE-ED8C28E8A861}.Release|Any CPU.ActiveCfg = Release|Any CPU
		{B8CC4460-D627-4E78-9AFE-ED8C28E8A861}.Release|Any CPU.Build.0 = Release|Any CPU
		{B8CC4460-D627-4E78-9AFE-ED8C28E8A861}.Release|x64.ActiveCfg = Release|x64
		{B8CC4460-D627-4E78-9AFE-ED8C28E8A861}.Release|x64.Build.0 = Release|x64
		{B8CC4460-D627-4E78-9AFE-ED8C28E8A861}.Release|x86.ActiveCfg = Release|Any CPU
		{B8CC4460-D627-4E78-9AFE-ED8C28E8A861}.Release|x86.Build.0 = Release|Any CPU
		{8EF7C4E2-712A-4FB8-BF7B-B5953685E6DC}.Debug|Any CPU.ActiveCfg = Debug
		{8EF7C4E2-712A-4FB8-BF7B-B5953685E6DC}.Debug|x64.ActiveCfg = Debug
		{8EF7C4E2-712A-4FB8-BF7B-B5953685E6DC}.Debug|x86.ActiveCfg = Debug
		{8EF7C4E2-712A-4FB8-BF7B-B5953685E6DC}.Release|Any CPU.ActiveCfg = Release
		{8EF7C4E2-712A-4FB8-BF7B-B5953685E6DC}.Release|x64.ActiveCfg = Release
		{8EF7C4E2-712A-4FB8-BF7B-B5953685E6DC}.Release|x86.ActiveCfg = Release
	EndGlobalSection
	GlobalSection(SolutionProperties) = preSolution
		HideSolutionNode = FALSE
	EndGlobalSection
	GlobalSection(NestedProjects) = preSolution
		{F54E006C-AA33-48F2-9E2F-46CFB5D7EE47} = {C33E528B-87FE-4032-B44C-CB7A3B9D76A2}
		{0890D249-B319-46BE-8B8A-354687C334E8} = {C33E528B-87FE-4032-B44C-CB7A3B9D76A2}
		{687F3113-0395-4DBC-A332-C1A329516651} = {C33E528B-87FE-4032-B44C-CB7A3B9D76A2}
		{9FABCEDD-BF62-4769-A79E-72891CE3EF4A} = {C33E528B-87FE-4032-B44C-CB7A3B9D76A2}
		{C7C09DF6-BD1F-4487-8FEB-5D124E1A9EFC} = {C33E528B-87FE-4032-B44C-CB7A3B9D76A2}
		{B25BC3DE-0F08-482F-BFC8-4E00A7FCBB02} = {C33E528B-87FE-4032-B44C-CB7A3B9D76A2}
		{B8CC4460-D627-4E78-9AFE-ED8C28E8A861} = {C33E528B-87FE-4032-B44C-CB7A3B9D76A2}
	EndGlobalSection
	GlobalSection(ExtensibilityGlobals) = postSolution
		SolutionGuid = {557EAFF0-DF5A-4B15-A1D3-7350C741F09A}
	EndGlobalSection
EndGlobal
