
Microsoft Visual Studio Solution File, Format Version 12.00
# Visual Studio Version 16
VisualStudioVersion = 16.0.30907.101
MinimumVisualStudioVersion = 10.0.40219.1
Project("{FAE04EC0-301F-11D3-BF4B-00C04F79EFBC}") = "RFClassLibrary", "RFClassLibrary\RFClassLibrary.csproj", "{B15474ED-9185-437E-BAC5-A19779CBE721}"
EndProject
Project("{FAE04EC0-301F-11D3-BF4B-00C04F79EFBC}") = "MCL", "MCL\MCL.csproj", "{F54E006C-AA33-48F2-9E2F-46CFB5D7EE47}"
EndProject
Project("{FAE04EC0-301F-11D3-BF4B-00C04F79EFBC}") = "OopFactory.X12", "OopFactory.X12\OopFactory.X12.csproj", "{AFE1BBBC-B957-461C-9022-B45D3DB117C9}"
EndProject
Project("{FAE04EC0-301F-11D3-BF4B-00C04F79EFBC}") = "OopFactory.X12.Sql", "OopFactory.X12.Sql\OopFactory.X12.Sql.csproj", "{82795B66-0F18-4385-8180-A8C7E0F41893}"
EndProject
Project("{FAE04EC0-301F-11D3-BF4B-00C04F79EFBC}") = "OopFactory.X12.Hipaa", "OopFactory.X12.Hipaa\OopFactory.X12.Hipaa.csproj", "{203C0F4B-D1F0-4C20-8968-7DBD84F4A815}"
EndProject
Project("{FAE04EC0-301F-11D3-BF4B-00C04F79EFBC}") = "OopFactory.X12.Hipaa.ClaimParser", "OopFactory.X12.Hipaa.ClaimParser\OopFactory.X12.Hipaa.ClaimParser.csproj", "{1E3BD8A3-21EA-4B71-8A55-31910211A316}"
EndProject
Project("{FAE04EC0-301F-11D3-BF4B-00C04F79EFBC}") = "OopFactory.X12.Validation", "OopFactory.X12.Validation\OopFactory.X12.Validation.csproj", "{65B52E5E-4105-4A4B-AB14-D16DFC3942A4}"
EndProject
Project("{F184B08F-C81C-45F6-A57F-5ABD9991F28F}") = "MTGCCombobox", "MTGCCombobox\MTGCCombobox.vbproj", "{109AA2E9-2903-44A6-A006-8EC12890C473}"
EndProject
Project("{9A19103F-16F7-4668-BE54-9A1E7A4F7556}") = "PetaPoco", "PetaPoco\PetaPoco.csproj", "{98F3083D-2CE1-43E6-8ED5-CC91555763AC}"
EndProject
Project("{2150E333-8FDC-42A3-9474-1A3956D46DE8}") = "Libraries", "Libraries", "{C33E528B-87FE-4032-B44C-CB7A3B9D76A2}"
EndProject
Project("{FAE04EC0-301F-11D3-BF4B-00C04F79EFBC}") = "LabBilling Core", "LabBilling Library\LabBilling Core.csproj", "{0890D249-B319-46BE-8B8A-354687C334E8}"
EndProject
Project("{FAE04EC0-301F-11D3-BF4B-00C04F79EFBC}") = "Lab Billing UI", "Lab Billing UI\Lab Billing UI.csproj", "{F8C8C4A8-005A-49DB-A560-9A78141665B5}"
EndProject
Global
	GlobalSection(SolutionConfigurationPlatforms) = preSolution
		Debug|Any CPU = Debug|Any CPU
		Debug|x86 = Debug|x86
		Release|Any CPU = Release|Any CPU
		Release|x86 = Release|x86
	EndGlobalSection
	GlobalSection(ProjectConfigurationPlatforms) = postSolution
		{B15474ED-9185-437E-BAC5-A19779CBE721}.Debug|Any CPU.ActiveCfg = Debug|Any CPU
		{B15474ED-9185-437E-BAC5-A19779CBE721}.Debug|Any CPU.Build.0 = Debug|Any CPU
		{B15474ED-9185-437E-BAC5-A19779CBE721}.Debug|x86.ActiveCfg = Debug|Any CPU
		{B15474ED-9185-437E-BAC5-A19779CBE721}.Debug|x86.Build.0 = Debug|Any CPU
		{B15474ED-9185-437E-BAC5-A19779CBE721}.Release|Any CPU.ActiveCfg = Release|Any CPU
		{B15474ED-9185-437E-BAC5-A19779CBE721}.Release|Any CPU.Build.0 = Release|Any CPU
		{B15474ED-9185-437E-BAC5-A19779CBE721}.Release|x86.ActiveCfg = Release|Any CPU
		{B15474ED-9185-437E-BAC5-A19779CBE721}.Release|x86.Build.0 = Release|Any CPU
		{F54E006C-AA33-48F2-9E2F-46CFB5D7EE47}.Debug|Any CPU.ActiveCfg = Debug|Any CPU
		{F54E006C-AA33-48F2-9E2F-46CFB5D7EE47}.Debug|Any CPU.Build.0 = Debug|Any CPU
		{F54E006C-AA33-48F2-9E2F-46CFB5D7EE47}.Debug|x86.ActiveCfg = Debug|Any CPU
		{F54E006C-AA33-48F2-9E2F-46CFB5D7EE47}.Debug|x86.Build.0 = Debug|Any CPU
		{F54E006C-AA33-48F2-9E2F-46CFB5D7EE47}.Release|Any CPU.ActiveCfg = Release|Any CPU
		{F54E006C-AA33-48F2-9E2F-46CFB5D7EE47}.Release|Any CPU.Build.0 = Release|Any CPU
		{F54E006C-AA33-48F2-9E2F-46CFB5D7EE47}.Release|x86.ActiveCfg = Release|Any CPU
		{F54E006C-AA33-48F2-9E2F-46CFB5D7EE47}.Release|x86.Build.0 = Release|Any CPU
		{AFE1BBBC-B957-461C-9022-B45D3DB117C9}.Debug|Any CPU.ActiveCfg = Debug|Any CPU
		{AFE1BBBC-B957-461C-9022-B45D3DB117C9}.Debug|Any CPU.Build.0 = Debug|Any CPU
		{AFE1BBBC-B957-461C-9022-B45D3DB117C9}.Debug|x86.ActiveCfg = Debug|Any CPU
		{AFE1BBBC-B957-461C-9022-B45D3DB117C9}.Debug|x86.Build.0 = Debug|Any CPU
		{AFE1BBBC-B957-461C-9022-B45D3DB117C9}.Release|Any CPU.ActiveCfg = Release|Any CPU
		{AFE1BBBC-B957-461C-9022-B45D3DB117C9}.Release|Any CPU.Build.0 = Release|Any CPU
		{AFE1BBBC-B957-461C-9022-B45D3DB117C9}.Release|x86.ActiveCfg = Release|Any CPU
		{AFE1BBBC-B957-461C-9022-B45D3DB117C9}.Release|x86.Build.0 = Release|Any CPU
		{82795B66-0F18-4385-8180-A8C7E0F41893}.Debug|Any CPU.ActiveCfg = Debug|Any CPU
		{82795B66-0F18-4385-8180-A8C7E0F41893}.Debug|Any CPU.Build.0 = Debug|Any CPU
		{82795B66-0F18-4385-8180-A8C7E0F41893}.Debug|x86.ActiveCfg = Debug|Any CPU
		{82795B66-0F18-4385-8180-A8C7E0F41893}.Debug|x86.Build.0 = Debug|Any CPU
		{82795B66-0F18-4385-8180-A8C7E0F41893}.Release|Any CPU.ActiveCfg = Release|Any CPU
		{82795B66-0F18-4385-8180-A8C7E0F41893}.Release|Any CPU.Build.0 = Release|Any CPU
		{82795B66-0F18-4385-8180-A8C7E0F41893}.Release|x86.ActiveCfg = Release|Any CPU
		{82795B66-0F18-4385-8180-A8C7E0F41893}.Release|x86.Build.0 = Release|Any CPU
		{203C0F4B-D1F0-4C20-8968-7DBD84F4A815}.Debug|Any CPU.ActiveCfg = Debug|Any CPU
		{203C0F4B-D1F0-4C20-8968-7DBD84F4A815}.Debug|Any CPU.Build.0 = Debug|Any CPU
		{203C0F4B-D1F0-4C20-8968-7DBD84F4A815}.Debug|x86.ActiveCfg = Debug|Any CPU
		{203C0F4B-D1F0-4C20-8968-7DBD84F4A815}.Debug|x86.Build.0 = Debug|Any CPU
		{203C0F4B-D1F0-4C20-8968-7DBD84F4A815}.Release|Any CPU.ActiveCfg = Release|Any CPU
		{203C0F4B-D1F0-4C20-8968-7DBD84F4A815}.Release|Any CPU.Build.0 = Release|Any CPU
		{203C0F4B-D1F0-4C20-8968-7DBD84F4A815}.Release|x86.ActiveCfg = Release|Any CPU
		{203C0F4B-D1F0-4C20-8968-7DBD84F4A815}.Release|x86.Build.0 = Release|Any CPU
		{1E3BD8A3-21EA-4B71-8A55-31910211A316}.Debug|Any CPU.ActiveCfg = Debug|x86
		{1E3BD8A3-21EA-4B71-8A55-31910211A316}.Debug|x86.ActiveCfg = Debug|x86
		{1E3BD8A3-21EA-4B71-8A55-31910211A316}.Debug|x86.Build.0 = Debug|x86
		{1E3BD8A3-21EA-4B71-8A55-31910211A316}.Release|Any CPU.ActiveCfg = Release|x86
		{1E3BD8A3-21EA-4B71-8A55-31910211A316}.Release|x86.ActiveCfg = Release|x86
		{1E3BD8A3-21EA-4B71-8A55-31910211A316}.Release|x86.Build.0 = Release|x86
		{65B52E5E-4105-4A4B-AB14-D16DFC3942A4}.Debug|Any CPU.ActiveCfg = Debug|Any CPU
		{65B52E5E-4105-4A4B-AB14-D16DFC3942A4}.Debug|Any CPU.Build.0 = Debug|Any CPU
		{65B52E5E-4105-4A4B-AB14-D16DFC3942A4}.Debug|x86.ActiveCfg = Debug|Any CPU
		{65B52E5E-4105-4A4B-AB14-D16DFC3942A4}.Debug|x86.Build.0 = Debug|Any CPU
		{65B52E5E-4105-4A4B-AB14-D16DFC3942A4}.Release|Any CPU.ActiveCfg = Release|Any CPU
		{65B52E5E-4105-4A4B-AB14-D16DFC3942A4}.Release|Any CPU.Build.0 = Release|Any CPU
		{65B52E5E-4105-4A4B-AB14-D16DFC3942A4}.Release|x86.ActiveCfg = Release|Any CPU
		{65B52E5E-4105-4A4B-AB14-D16DFC3942A4}.Release|x86.Build.0 = Release|Any CPU
		{109AA2E9-2903-44A6-A006-8EC12890C473}.Debug|Any CPU.ActiveCfg = Debug|Any CPU
		{109AA2E9-2903-44A6-A006-8EC12890C473}.Debug|Any CPU.Build.0 = Debug|Any CPU
		{109AA2E9-2903-44A6-A006-8EC12890C473}.Debug|x86.ActiveCfg = Debug|Any CPU
		{109AA2E9-2903-44A6-A006-8EC12890C473}.Debug|x86.Build.0 = Debug|Any CPU
		{109AA2E9-2903-44A6-A006-8EC12890C473}.Release|Any CPU.ActiveCfg = Release|Any CPU
		{109AA2E9-2903-44A6-A006-8EC12890C473}.Release|Any CPU.Build.0 = Release|Any CPU
		{109AA2E9-2903-44A6-A006-8EC12890C473}.Release|x86.ActiveCfg = Release|Any CPU
		{109AA2E9-2903-44A6-A006-8EC12890C473}.Release|x86.Build.0 = Release|Any CPU
		{98F3083D-2CE1-43E6-8ED5-CC91555763AC}.Debug|Any CPU.ActiveCfg = Debug|Any CPU
		{98F3083D-2CE1-43E6-8ED5-CC91555763AC}.Debug|Any CPU.Build.0 = Debug|Any CPU
		{98F3083D-2CE1-43E6-8ED5-CC91555763AC}.Debug|x86.ActiveCfg = Debug|Any CPU
		{98F3083D-2CE1-43E6-8ED5-CC91555763AC}.Debug|x86.Build.0 = Debug|Any CPU
		{98F3083D-2CE1-43E6-8ED5-CC91555763AC}.Release|Any CPU.ActiveCfg = Release|Any CPU
		{98F3083D-2CE1-43E6-8ED5-CC91555763AC}.Release|Any CPU.Build.0 = Release|Any CPU
		{98F3083D-2CE1-43E6-8ED5-CC91555763AC}.Release|x86.ActiveCfg = Release|Any CPU
		{98F3083D-2CE1-43E6-8ED5-CC91555763AC}.Release|x86.Build.0 = Release|Any CPU
		{0890D249-B319-46BE-8B8A-354687C334E8}.Debug|Any CPU.ActiveCfg = Debug|Any CPU
		{0890D249-B319-46BE-8B8A-354687C334E8}.Debug|Any CPU.Build.0 = Debug|Any CPU
		{0890D249-B319-46BE-8B8A-354687C334E8}.Debug|x86.ActiveCfg = Debug|Any CPU
		{0890D249-B319-46BE-8B8A-354687C334E8}.Debug|x86.Build.0 = Debug|Any CPU
		{0890D249-B319-46BE-8B8A-354687C334E8}.Release|Any CPU.ActiveCfg = Release|Any CPU
		{0890D249-B319-46BE-8B8A-354687C334E8}.Release|Any CPU.Build.0 = Release|Any CPU
		{0890D249-B319-46BE-8B8A-354687C334E8}.Release|x86.ActiveCfg = Release|Any CPU
		{0890D249-B319-46BE-8B8A-354687C334E8}.Release|x86.Build.0 = Release|Any CPU
		{F8C8C4A8-005A-49DB-A560-9A78141665B5}.Debug|Any CPU.ActiveCfg = Debug|Any CPU
		{F8C8C4A8-005A-49DB-A560-9A78141665B5}.Debug|Any CPU.Build.0 = Debug|Any CPU
		{F8C8C4A8-005A-49DB-A560-9A78141665B5}.Debug|x86.ActiveCfg = Debug|Any CPU
		{F8C8C4A8-005A-49DB-A560-9A78141665B5}.Debug|x86.Build.0 = Debug|Any CPU
		{F8C8C4A8-005A-49DB-A560-9A78141665B5}.Release|Any CPU.ActiveCfg = Release|Any CPU
		{F8C8C4A8-005A-49DB-A560-9A78141665B5}.Release|Any CPU.Build.0 = Release|Any CPU
		{F8C8C4A8-005A-49DB-A560-9A78141665B5}.Release|x86.ActiveCfg = Release|Any CPU
		{F8C8C4A8-005A-49DB-A560-9A78141665B5}.Release|x86.Build.0 = Release|Any CPU
	EndGlobalSection
	GlobalSection(SolutionProperties) = preSolution
		HideSolutionNode = FALSE
	EndGlobalSection
	GlobalSection(NestedProjects) = preSolution
		{B15474ED-9185-437E-BAC5-A19779CBE721} = {C33E528B-87FE-4032-B44C-CB7A3B9D76A2}
		{F54E006C-AA33-48F2-9E2F-46CFB5D7EE47} = {C33E528B-87FE-4032-B44C-CB7A3B9D76A2}
		{AFE1BBBC-B957-461C-9022-B45D3DB117C9} = {C33E528B-87FE-4032-B44C-CB7A3B9D76A2}
		{82795B66-0F18-4385-8180-A8C7E0F41893} = {C33E528B-87FE-4032-B44C-CB7A3B9D76A2}
		{203C0F4B-D1F0-4C20-8968-7DBD84F4A815} = {C33E528B-87FE-4032-B44C-CB7A3B9D76A2}
		{1E3BD8A3-21EA-4B71-8A55-31910211A316} = {C33E528B-87FE-4032-B44C-CB7A3B9D76A2}
		{65B52E5E-4105-4A4B-AB14-D16DFC3942A4} = {C33E528B-87FE-4032-B44C-CB7A3B9D76A2}
		{109AA2E9-2903-44A6-A006-8EC12890C473} = {C33E528B-87FE-4032-B44C-CB7A3B9D76A2}
		{98F3083D-2CE1-43E6-8ED5-CC91555763AC} = {C33E528B-87FE-4032-B44C-CB7A3B9D76A2}
		{0890D249-B319-46BE-8B8A-354687C334E8} = {C33E528B-87FE-4032-B44C-CB7A3B9D76A2}
	EndGlobalSection
	GlobalSection(ExtensibilityGlobals) = postSolution
		SolutionGuid = {557EAFF0-DF5A-4B15-A1D3-7350C741F09A}
	EndGlobalSection
EndGlobal
