
Microsoft Visual Studio Solution File, Format Version 12.00
# Visual Studio Version 17
VisualStudioVersion = 17.1.32421.90
MinimumVisualStudioVersion = 10.0.40219.1
Project("{FAE04EC0-301F-11D3-BF4B-00C04F79EFBC}") = "RFClassLibrary", "RFClassLibrary\RFClassLibrary.csproj", "{B15474ED-9185-437E-BAC5-A19779CBE721}"
EndProject
Project("{FAE04EC0-301F-11D3-BF4B-00C04F79EFBC}") = "MCL", "MCL\MCL.csproj", "{F54E006C-AA33-48F2-9E2F-46CFB5D7EE47}"
EndProject
Project("{FAE04EC0-301F-11D3-BF4B-00C04F79EFBC}") = "OopFactory.X12", "OopFactory.X12\OopFactory.X12.csproj", "{AFE1BBBC-B957-461C-9022-B45D3DB117C9}"
EndProject
Project("{FAE04EC0-301F-11D3-BF4B-00C04F79EFBC}") = "OopFactory.X12.Sql", "OopFactory.X12.Sql\OopFactory.X12.Sql.csproj", "{82795B66-0F18-4385-8180-A8C7E0F41893}"
EndProject
Project("{FAE04EC0-301F-11D3-BF4B-00C04F79EFBC}") = "OopFactory.X12.Hipaa", "OopFactory.X12.Hipaa\OopFactory.X12.Hipaa.csproj", "{203C0F4B-D1F0-4C20-8968-7DBD84F4A815}"
EndProject
Project("{FAE04EC0-301F-11D3-BF4B-00C04F79EFBC}") = "OopFactory.X12.Hipaa.ClaimParser", "OopFactory.X12.Hipaa.ClaimParser\OopFactory.X12.Hipaa.ClaimParser.csproj", "{1E3BD8A3-21EA-4B71-8A55-31910211A316}"
EndProject
Project("{FAE04EC0-301F-11D3-BF4B-00C04F79EFBC}") = "OopFactory.X12.Validation", "OopFactory.X12.Validation\OopFactory.X12.Validation.csproj", "{65B52E5E-4105-4A4B-AB14-D16DFC3942A4}"
EndProject
Project("{2150E333-8FDC-42A3-9474-1A3956D46DE8}") = "Libraries", "Libraries", "{C33E528B-87FE-4032-B44C-CB7A3B9D76A2}"
EndProject
Project("{FAE04EC0-301F-11D3-BF4B-00C04F79EFBC}") = "LabBilling Core", "LabBilling Library\LabBilling Core.csproj", "{0890D249-B319-46BE-8B8A-354687C334E8}"
EndProject
Project("{FAE04EC0-301F-11D3-BF4B-00C04F79EFBC}") = "Lab Billing WinForms UI", "Lab Billing UI\Lab Billing WinForms UI.csproj", "{F8C8C4A8-005A-49DB-A560-9A78141665B5}"
EndProject
Project("{FAE04EC0-301F-11D3-BF4B-00C04F79EFBC}") = "LabBillingService", "LabBillingService\LabBillingService.csproj", "{A38E5412-1194-42CE-8CA2-CF509EAE7828}"
EndProject
Project("{2150E333-8FDC-42A3-9474-1A3956D46DE8}") = "Solution Items", "Solution Items", "{A2023807-DB07-4D12-BD42-1AAE04DA7D62}"
	ProjectSection(SolutionItems) = preProject
		labbilling db build script.sql = labbilling db build script.sql
	EndProjectSection
EndProject
Project("{2150E333-8FDC-42A3-9474-1A3956D46DE8}") = "OopFactory", "OopFactory", "{0719C63F-DA15-4FA1-92D7-43798407AC70}"
EndProject
Project("{FAE04EC0-301F-11D3-BF4B-00C04F79EFBC}") = "LabBillingUnitTesting", "LabBillingUnitTesting\LabBillingUnitTesting.csproj", "{D4B09B99-58D0-4279-B467-7171D74B4877}"
EndProject
Project("{FAE04EC0-301F-11D3-BF4B-00C04F79EFBC}") = "Lab Billing WPF UI", "Lab Billing WPF UI\Lab Billing WPF UI.csproj", "{84A8C2C0-9E5B-4779-A134-337CB93AE3A7}"
EndProject
Global
	GlobalSection(SolutionConfigurationPlatforms) = preSolution
		Debug|Any CPU = Debug|Any CPU
		Debug|x86 = Debug|x86
		Release|Any CPU = Release|Any CPU
		Release|x86 = Release|x86
	EndGlobalSection
	GlobalSection(ProjectConfigurationPlatforms) = postSolution
		{B15474ED-9185-437E-BAC5-A19779CBE721}.Debug|Any CPU.ActiveCfg = Debug|Any CPU
		{B15474ED-9185-437E-BAC5-A19779CBE721}.Debug|Any CPU.Build.0 = Debug|Any CPU
		{B15474ED-9185-437E-BAC5-A19779CBE721}.Debug|x86.ActiveCfg = Debug|Any CPU
		{B15474ED-9185-437E-BAC5-A19779CBE721}.Debug|x86.Build.0 = Debug|Any CPU
		{B15474ED-9185-437E-BAC5-A19779CBE721}.Release|Any CPU.ActiveCfg = Release|Any CPU
		{B15474ED-9185-437E-BAC5-A19779CBE721}.Release|Any CPU.Build.0 = Release|Any CPU
		{B15474ED-9185-437E-BAC5-A19779CBE721}.Release|x86.ActiveCfg = Release|Any CPU
		{B15474ED-9185-437E-BAC5-A19779CBE721}.Release|x86.Build.0 = Release|Any CPU
		{F54E006C-AA33-48F2-9E2F-46CFB5D7EE47}.Debug|Any CPU.ActiveCfg = Debug|Any CPU
		{F54E006C-AA33-48F2-9E2F-46CFB5D7EE47}.Debug|Any CPU.Build.0 = Debug|Any CPU
		{F54E006C-AA33-48F2-9E2F-46CFB5D7EE47}.Debug|x86.ActiveCfg = Debug|Any CPU
		{F54E006C-AA33-48F2-9E2F-46CFB5D7EE47}.Debug|x86.Build.0 = Debug|Any CPU
		{F54E006C-AA33-48F2-9E2F-46CFB5D7EE47}.Release|Any CPU.ActiveCfg = Release|Any CPU
		{F54E006C-AA33-48F2-9E2F-46CFB5D7EE47}.Release|Any CPU.Build.0 = Release|Any CPU
		{F54E006C-AA33-48F2-9E2F-46CFB5D7EE47}.Release|x86.ActiveCfg = Release|Any CPU
		{F54E006C-AA33-48F2-9E2F-46CFB5D7EE47}.Release|x86.Build.0 = Release|Any CPU
		{AFE1BBBC-B957-461C-9022-B45D3DB117C9}.Debug|Any CPU.ActiveCfg = Debug|Any CPU
		{AFE1BBBC-B957-461C-9022-B45D3DB117C9}.Debug|Any CPU.Build.0 = Debug|Any CPU
		{AFE1BBBC-B957-461C-9022-B45D3DB117C9}.Debug|x86.ActiveCfg = Debug|Any CPU
		{AFE1BBBC-B957-461C-9022-B45D3DB117C9}.Debug|x86.Build.0 = Debug|Any CPU
		{AFE1BBBC-B957-461C-9022-B45D3DB117C9}.Release|Any CPU.ActiveCfg = Release|Any CPU
		{AFE1BBBC-B957-461C-9022-B45D3DB117C9}.Release|Any CPU.Build.0 = Release|Any CPU
		{AFE1BBBC-B957-461C-9022-B45D3DB117C9}.Release|x86.ActiveCfg = Release|Any CPU
		{AFE1BBBC-B957-461C-9022-B45D3DB117C9}.Release|x86.Build.0 = Release|Any CPU
		{82795B66-0F18-4385-8180-A8C7E0F41893}.Debug|Any CPU.ActiveCfg = Debug|Any CPU
		{82795B66-0F18-4385-8180-A8C7E0F41893}.Debug|Any CPU.Build.0 = Debug|Any CPU
		{82795B66-0F18-4385-8180-A8C7E0F41893}.Debug|x86.ActiveCfg = Debug|Any CPU
		{82795B66-0F18-4385-8180-A8C7E0F41893}.Debug|x86.Build.0 = Debug|Any CPU
		{82795B66-0F18-4385-8180-A8C7E0F41893}.Release|Any CPU.ActiveCfg = Release|Any CPU
		{82795B66-0F18-4385-8180-A8C7E0F41893}.Release|Any CPU.Build.0 = Release|Any CPU
		{82795B66-0F18-4385-8180-A8C7E0F41893}.Release|x86.ActiveCfg = Release|Any CPU
		{82795B66-0F18-4385-8180-A8C7E0F41893}.Release|x86.Build.0 = Release|Any CPU
		{203C0F4B-D1F0-4C20-8968-7DBD84F4A815}.Debug|Any CPU.ActiveCfg = Debug|Any CPU
		{203C0F4B-D1F0-4C20-8968-7DBD84F4A815}.Debug|Any CPU.Build.0 = Debug|Any CPU
		{203C0F4B-D1F0-4C20-8968-7DBD84F4A815}.Debug|x86.ActiveCfg = Debug|Any CPU
		{203C0F4B-D1F0-4C20-8968-7DBD84F4A815}.Debug|x86.Build.0 = Debug|Any CPU
		{203C0F4B-D1F0-4C20-8968-7DBD84F4A815}.Release|Any CPU.ActiveCfg = Release|Any CPU
		{203C0F4B-D1F0-4C20-8968-7DBD84F4A815}.Release|Any CPU.Build.0 = Release|Any CPU
		{203C0F4B-D1F0-4C20-8968-7DBD84F4A815}.Release|x86.ActiveCfg = Release|Any CPU
		{203C0F4B-D1F0-4C20-8968-7DBD84F4A815}.Release|x86.Build.0 = Release|Any CPU
		{1E3BD8A3-21EA-4B71-8A55-31910211A316}.Debug|Any CPU.ActiveCfg = Debug|x86
		{1E3BD8A3-21EA-4B71-8A55-31910211A316}.Debug|x86.ActiveCfg = Debug|x86
		{1E3BD8A3-21EA-4B71-8A55-31910211A316}.Debug|x86.Build.0 = Debug|x86
		{1E3BD8A3-21EA-4B71-8A55-31910211A316}.Release|Any CPU.ActiveCfg = Release|x86
		{1E3BD8A3-21EA-4B71-8A55-31910211A316}.Release|x86.ActiveCfg = Release|x86
		{1E3BD8A3-21EA-4B71-8A55-31910211A316}.Release|x86.Build.0 = Release|x86
		{65B52E5E-4105-4A4B-AB14-D16DFC3942A4}.Debug|Any CPU.ActiveCfg = Debug|Any CPU
		{65B52E5E-4105-4A4B-AB14-D16DFC3942A4}.Debug|Any CPU.Build.0 = Debug|Any CPU
		{65B52E5E-4105-4A4B-AB14-D16DFC3942A4}.Debug|x86.ActiveCfg = Debug|Any CPU
		{65B52E5E-4105-4A4B-AB14-D16DFC3942A4}.Debug|x86.Build.0 = Debug|Any CPU
		{65B52E5E-4105-4A4B-AB14-D16DFC3942A4}.Release|Any CPU.ActiveCfg = Release|Any CPU
		{65B52E5E-4105-4A4B-AB14-D16DFC3942A4}.Release|Any CPU.Build.0 = Release|Any CPU
		{65B52E5E-4105-4A4B-AB14-D16DFC3942A4}.Release|x86.ActiveCfg = Release|Any CPU
		{65B52E5E-4105-4A4B-AB14-D16DFC3942A4}.Release|x86.Build.0 = Release|Any CPU
		{0890D249-B319-46BE-8B8A-354687C334E8}.Debug|Any CPU.ActiveCfg = Debug|Any CPU
		{0890D249-B319-46BE-8B8A-354687C334E8}.Debug|Any CPU.Build.0 = Debug|Any CPU
		{0890D249-B319-46BE-8B8A-354687C334E8}.Debug|x86.ActiveCfg = Debug|Any CPU
		{0890D249-B319-46BE-8B8A-354687C334E8}.Debug|x86.Build.0 = Debug|Any CPU
		{0890D249-B319-46BE-8B8A-354687C334E8}.Release|Any CPU.ActiveCfg = Release|Any CPU
		{0890D249-B319-46BE-8B8A-354687C334E8}.Release|Any CPU.Build.0 = Release|Any CPU
		{0890D249-B319-46BE-8B8A-354687C334E8}.Release|x86.ActiveCfg = Release|Any CPU
		{0890D249-B319-46BE-8B8A-354687C334E8}.Release|x86.Build.0 = Release|Any CPU
		{F8C8C4A8-005A-49DB-A560-9A78141665B5}.Debug|Any CPU.ActiveCfg = Debug|Any CPU
		{F8C8C4A8-005A-49DB-A560-9A78141665B5}.Debug|Any CPU.Build.0 = Debug|Any CPU
		{F8C8C4A8-005A-49DB-A560-9A78141665B5}.Debug|x86.ActiveCfg = Debug|Any CPU
		{F8C8C4A8-005A-49DB-A560-9A78141665B5}.Debug|x86.Build.0 = Debug|Any CPU
		{F8C8C4A8-005A-49DB-A560-9A78141665B5}.Release|Any CPU.ActiveCfg = Release|Any CPU
		{F8C8C4A8-005A-49DB-A560-9A78141665B5}.Release|Any CPU.Build.0 = Release|Any CPU
		{F8C8C4A8-005A-49DB-A560-9A78141665B5}.Release|x86.ActiveCfg = Release|Any CPU
		{F8C8C4A8-005A-49DB-A560-9A78141665B5}.Release|x86.Build.0 = Release|Any CPU
		{A38E5412-1194-42CE-8CA2-CF509EAE7828}.Debug|Any CPU.ActiveCfg = Debug|Any CPU
		{A38E5412-1194-42CE-8CA2-CF509EAE7828}.Debug|Any CPU.Build.0 = Debug|Any CPU
		{A38E5412-1194-42CE-8CA2-CF509EAE7828}.Debug|x86.ActiveCfg = Debug|Any CPU
		{A38E5412-1194-42CE-8CA2-CF509EAE7828}.Debug|x86.Build.0 = Debug|Any CPU
		{A38E5412-1194-42CE-8CA2-CF509EAE7828}.Release|Any CPU.ActiveCfg = Release|Any CPU
		{A38E5412-1194-42CE-8CA2-CF509EAE7828}.Release|Any CPU.Build.0 = Release|Any CPU
		{A38E5412-1194-42CE-8CA2-CF509EAE7828}.Release|x86.ActiveCfg = Release|Any CPU
		{A38E5412-1194-42CE-8CA2-CF509EAE7828}.Release|x86.Build.0 = Release|Any CPU
		{D4B09B99-58D0-4279-B467-7171D74B4877}.Debug|Any CPU.ActiveCfg = Debug|Any CPU
		{D4B09B99-58D0-4279-B467-7171D74B4877}.Debug|Any CPU.Build.0 = Debug|Any CPU
		{D4B09B99-58D0-4279-B467-7171D74B4877}.Debug|x86.ActiveCfg = Debug|Any CPU
		{D4B09B99-58D0-4279-B467-7171D74B4877}.Debug|x86.Build.0 = Debug|Any CPU
		{D4B09B99-58D0-4279-B467-7171D74B4877}.Release|Any CPU.ActiveCfg = Release|Any CPU
		{D4B09B99-58D0-4279-B467-7171D74B4877}.Release|Any CPU.Build.0 = Release|Any CPU
		{D4B09B99-58D0-4279-B467-7171D74B4877}.Release|x86.ActiveCfg = Release|Any CPU
		{D4B09B99-58D0-4279-B467-7171D74B4877}.Release|x86.Build.0 = Release|Any CPU
		{84A8C2C0-9E5B-4779-A134-337CB93AE3A7}.Debug|Any CPU.ActiveCfg = Debug|Any CPU
		{84A8C2C0-9E5B-4779-A134-337CB93AE3A7}.Debug|Any CPU.Build.0 = Debug|Any CPU
		{84A8C2C0-9E5B-4779-A134-337CB93AE3A7}.Debug|x86.ActiveCfg = Debug|Any CPU
		{84A8C2C0-9E5B-4779-A134-337CB93AE3A7}.Debug|x86.Build.0 = Debug|Any CPU
		{84A8C2C0-9E5B-4779-A134-337CB93AE3A7}.Release|Any CPU.ActiveCfg = Release|Any CPU
		{84A8C2C0-9E5B-4779-A134-337CB93AE3A7}.Release|Any CPU.Build.0 = Release|Any CPU
		{84A8C2C0-9E5B-4779-A134-337CB93AE3A7}.Release|x86.ActiveCfg = Release|Any CPU
		{84A8C2C0-9E5B-4779-A134-337CB93AE3A7}.Release|x86.Build.0 = Release|Any CPU
	EndGlobalSection
	GlobalSection(SolutionProperties) = preSolution
		HideSolutionNode = FALSE
	EndGlobalSection
	GlobalSection(NestedProjects) = preSolution
		{B15474ED-9185-437E-BAC5-A19779CBE721} = {C33E528B-87FE-4032-B44C-CB7A3B9D76A2}
		{F54E006C-AA33-48F2-9E2F-46CFB5D7EE47} = {C33E528B-87FE-4032-B44C-CB7A3B9D76A2}
		{AFE1BBBC-B957-461C-9022-B45D3DB117C9} = {0719C63F-DA15-4FA1-92D7-43798407AC70}
		{82795B66-0F18-4385-8180-A8C7E0F41893} = {0719C63F-DA15-4FA1-92D7-43798407AC70}
		{203C0F4B-D1F0-4C20-8968-7DBD84F4A815} = {0719C63F-DA15-4FA1-92D7-43798407AC70}
		{1E3BD8A3-21EA-4B71-8A55-31910211A316} = {0719C63F-DA15-4FA1-92D7-43798407AC70}
		{65B52E5E-4105-4A4B-AB14-D16DFC3942A4} = {0719C63F-DA15-4FA1-92D7-43798407AC70}
		{0890D249-B319-46BE-8B8A-354687C334E8} = {C33E528B-87FE-4032-B44C-CB7A3B9D76A2}
		{0719C63F-DA15-4FA1-92D7-43798407AC70} = {C33E528B-87FE-4032-B44C-CB7A3B9D76A2}
	EndGlobalSection
	GlobalSection(ExtensibilityGlobals) = postSolution
		SolutionGuid = {557EAFF0-DF5A-4B15-A1D3-7350C741F09A}
	EndGlobalSection
EndGlobal
